
Microsoft Visual Studio Solution File, Format Version 12.00
# Visual Studio Version 16
VisualStudioVersion = 16.0.32413.511
MinimumVisualStudioVersion = 10.0.40219.1
Project("{FAE04EC0-301F-11D3-BF4B-00C04F79EFBC}") = "PS_Esig", "PS_Esig.csproj", "{BDC510F7-3282-47BD-8B4E-226AD0458070}"
EndProject
Project("{FAE04EC0-301F-11D3-BF4B-00C04F79EFBC}") = "PS_Esig.Controller", "..\PS_Esig.Controller\PS_Esig.Controller.csproj", "{4673A1A7-152A-41D2-A4DF-5A1A6201A83D}"
EndProject
Project("{FAE04EC0-301F-11D3-BF4B-00C04F79EFBC}") = "PS_Esig.Dominio", "..\PS_Esig.Dominio1\PS_Esig.Dominio.csproj", "{4EE331B7-A34D-450E-8D88-341086729D66}"
EndProject
Global
	GlobalSection(SolutionConfigurationPlatforms) = preSolution
		Debug|Any CPU = Debug|Any CPU
		Release|Any CPU = Release|Any CPU
	EndGlobalSection
	GlobalSection(ProjectConfigurationPlatforms) = postSolution
		{BDC510F7-3282-47BD-8B4E-226AD0458070}.Debug|Any CPU.ActiveCfg = Debug|Any CPU
		{BDC510F7-3282-47BD-8B4E-226AD0458070}.Debug|Any CPU.Build.0 = Debug|Any CPU
		{BDC510F7-3282-47BD-8B4E-226AD0458070}.Release|Any CPU.ActiveCfg = Release|Any CPU
		{BDC510F7-3282-47BD-8B4E-226AD0458070}.Release|Any CPU.Build.0 = Release|Any CPU
		{4673A1A7-152A-41D2-A4DF-5A1A6201A83D}.Debug|Any CPU.ActiveCfg = Debug|Any CPU
		{4673A1A7-152A-41D2-A4DF-5A1A6201A83D}.Debug|Any CPU.Build.0 = Debug|Any CPU
		{4673A1A7-152A-41D2-A4DF-5A1A6201A83D}.Release|Any CPU.ActiveCfg = Release|Any CPU
		{4673A1A7-152A-41D2-A4DF-5A1A6201A83D}.Release|Any CPU.Build.0 = Release|Any CPU
		{4EE331B7-A34D-450E-8D88-341086729D66}.Debug|Any CPU.ActiveCfg = Debug|Any CPU
		{4EE331B7-A34D-450E-8D88-341086729D66}.Debug|Any CPU.Build.0 = Debug|Any CPU
		{4EE331B7-A34D-450E-8D88-341086729D66}.Release|Any CPU.ActiveCfg = Release|Any CPU
		{4EE331B7-A34D-450E-8D88-341086729D66}.Release|Any CPU.Build.0 = Release|Any CPU
	EndGlobalSection
	GlobalSection(SolutionProperties) = preSolution
		HideSolutionNode = FALSE
	EndGlobalSection
	GlobalSection(ExtensibilityGlobals) = postSolution
		SolutionGuid = {FA0AB5D5-17CB-44F1-9236-F0402222DF85}
	EndGlobalSection
EndGlobal
